
Microsoft Visual Studio Solution File, Format Version 12.00
# Visual Studio Version 17
VisualStudioVersion = 17.5.33209.295
MinimumVisualStudioVersion = 10.0.40219.1
Project("{9A19103F-16F7-4668-BE54-9A1E7A4F7556}") = "PoundPupLegacy.Convert", "PoundPupLegacy.Convert\PoundPupLegacy.Convert.csproj", "{58E3BDD4-8834-4FB3-9567-A79C94E65595}"
EndProject
Project("{9A19103F-16F7-4668-BE54-9A1E7A4F7556}") = "PoundPupLegacy.Db", "PoundPupLegacy.Db\PoundPupLegacy.Db.csproj", "{22AD5E47-6C17-40E6-98DE-052C0C286DED}"
EndProject
Project("{9A19103F-16F7-4668-BE54-9A1E7A4F7556}") = "PoundPupLegacy.Model", "PoundPupLegacy.Model\PoundPupLegacy.Model.csproj", "{8BF99659-4957-47AA-A09B-618595B22362}"
EndProject
Project("{9A19103F-16F7-4668-BE54-9A1E7A4F7556}") = "PoundPupLegacy.ViewModel", "PoundPupLegacy.ViewModel\PoundPupLegacy.ViewModel.csproj", "{01985ABD-AE87-414F-B477-ABEE65306D10}"
EndProject
Project("{9A19103F-16F7-4668-BE54-9A1E7A4F7556}") = "PoundPupLegacy.Db.Test", "PoundPupLegacy.Db.Test\PoundPupLegacy.Db.Test.csproj", "{0EABBB7B-E7F3-4C36-8951-4D206F9EF8C2}"
EndProject
Project("{9A19103F-16F7-4668-BE54-9A1E7A4F7556}") = "PoundPupLegacy", "PoundPupLegacy\PoundPupLegacy.csproj", "{9D20839E-3087-4B82-99D5-652491A95FA8}"
EndProject
Project("{9A19103F-16F7-4668-BE54-9A1E7A4F7556}") = "PoundPupLegacy.Test", "PoundPupLegacy.Test\PoundPupLegacy.Test.csproj", "{9FF6F2E0-8779-4828-8EAF-6DF196CCB323}"
EndProject
Project("{9A19103F-16F7-4668-BE54-9A1E7A4F7556}") = "PoundPupLegacy.EditModel", "PoundPupLegacy.EditModel\PoundPupLegacy.EditModel.csproj", "{C1038565-4372-433A-B003-F26CF23576B0}"
EndProject
Project("{FAE04EC0-301F-11D3-BF4B-00C04F79EFBC}") = "PoundPupLegacy.MetaModel", "PoundPupLegacy.MetaModel\PoundPupLegacy.MetaModel.csproj", "{FD8E1FB3-DA73-4AC3-AB4D-42395D1A8F2F}"
EndProject
Global
	GlobalSection(SolutionConfigurationPlatforms) = preSolution
		Debug|Any CPU = Debug|Any CPU
		Release|Any CPU = Release|Any CPU
	EndGlobalSection
	GlobalSection(ProjectConfigurationPlatforms) = postSolution
		{58E3BDD4-8834-4FB3-9567-A79C94E65595}.Debug|Any CPU.ActiveCfg = Debug|Any CPU
		{58E3BDD4-8834-4FB3-9567-A79C94E65595}.Debug|Any CPU.Build.0 = Debug|Any CPU
		{58E3BDD4-8834-4FB3-9567-A79C94E65595}.Release|Any CPU.ActiveCfg = Release|Any CPU
		{58E3BDD4-8834-4FB3-9567-A79C94E65595}.Release|Any CPU.Build.0 = Release|Any CPU
		{22AD5E47-6C17-40E6-98DE-052C0C286DED}.Debug|Any CPU.ActiveCfg = Debug|Any CPU
		{22AD5E47-6C17-40E6-98DE-052C0C286DED}.Debug|Any CPU.Build.0 = Debug|Any CPU
		{22AD5E47-6C17-40E6-98DE-052C0C286DED}.Release|Any CPU.ActiveCfg = Release|Any CPU
		{22AD5E47-6C17-40E6-98DE-052C0C286DED}.Release|Any CPU.Build.0 = Release|Any CPU
		{8BF99659-4957-47AA-A09B-618595B22362}.Debug|Any CPU.ActiveCfg = Debug|Any CPU
		{8BF99659-4957-47AA-A09B-618595B22362}.Debug|Any CPU.Build.0 = Debug|Any CPU
		{8BF99659-4957-47AA-A09B-618595B22362}.Release|Any CPU.ActiveCfg = Release|Any CPU
		{8BF99659-4957-47AA-A09B-618595B22362}.Release|Any CPU.Build.0 = Release|Any CPU
		{01985ABD-AE87-414F-B477-ABEE65306D10}.Debug|Any CPU.ActiveCfg = Debug|Any CPU
		{01985ABD-AE87-414F-B477-ABEE65306D10}.Debug|Any CPU.Build.0 = Debug|Any CPU
		{01985ABD-AE87-414F-B477-ABEE65306D10}.Release|Any CPU.ActiveCfg = Release|Any CPU
		{01985ABD-AE87-414F-B477-ABEE65306D10}.Release|Any CPU.Build.0 = Release|Any CPU
		{0EABBB7B-E7F3-4C36-8951-4D206F9EF8C2}.Debug|Any CPU.ActiveCfg = Debug|Any CPU
		{0EABBB7B-E7F3-4C36-8951-4D206F9EF8C2}.Debug|Any CPU.Build.0 = Debug|Any CPU
		{0EABBB7B-E7F3-4C36-8951-4D206F9EF8C2}.Release|Any CPU.ActiveCfg = Release|Any CPU
		{0EABBB7B-E7F3-4C36-8951-4D206F9EF8C2}.Release|Any CPU.Build.0 = Release|Any CPU
		{9D20839E-3087-4B82-99D5-652491A95FA8}.Debug|Any CPU.ActiveCfg = Debug|Any CPU
		{9D20839E-3087-4B82-99D5-652491A95FA8}.Debug|Any CPU.Build.0 = Debug|Any CPU
		{9D20839E-3087-4B82-99D5-652491A95FA8}.Release|Any CPU.ActiveCfg = Release|Any CPU
		{9D20839E-3087-4B82-99D5-652491A95FA8}.Release|Any CPU.Build.0 = Release|Any CPU
		{9FF6F2E0-8779-4828-8EAF-6DF196CCB323}.Debug|Any CPU.ActiveCfg = Debug|Any CPU
		{9FF6F2E0-8779-4828-8EAF-6DF196CCB323}.Debug|Any CPU.Build.0 = Debug|Any CPU
		{9FF6F2E0-8779-4828-8EAF-6DF196CCB323}.Release|Any CPU.ActiveCfg = Release|Any CPU
		{9FF6F2E0-8779-4828-8EAF-6DF196CCB323}.Release|Any CPU.Build.0 = Release|Any CPU
		{C1038565-4372-433A-B003-F26CF23576B0}.Debug|Any CPU.ActiveCfg = Debug|Any CPU
		{C1038565-4372-433A-B003-F26CF23576B0}.Debug|Any CPU.Build.0 = Debug|Any CPU
		{C1038565-4372-433A-B003-F26CF23576B0}.Release|Any CPU.ActiveCfg = Release|Any CPU
		{C1038565-4372-433A-B003-F26CF23576B0}.Release|Any CPU.Build.0 = Release|Any CPU
		{FD8E1FB3-DA73-4AC3-AB4D-42395D1A8F2F}.Debug|Any CPU.ActiveCfg = Debug|Any CPU
		{FD8E1FB3-DA73-4AC3-AB4D-42395D1A8F2F}.Debug|Any CPU.Build.0 = Debug|Any CPU
		{FD8E1FB3-DA73-4AC3-AB4D-42395D1A8F2F}.Release|Any CPU.ActiveCfg = Release|Any CPU
		{FD8E1FB3-DA73-4AC3-AB4D-42395D1A8F2F}.Release|Any CPU.Build.0 = Release|Any CPU
	EndGlobalSection
	GlobalSection(SolutionProperties) = preSolution
		HideSolutionNode = FALSE
	EndGlobalSection
	GlobalSection(ExtensibilityGlobals) = postSolution
		SolutionGuid = {D69414B5-8290-4DE4-9767-611CF1987777}
	EndGlobalSection
EndGlobal
