
Microsoft Visual Studio Solution File, Format Version 12.00
# Visual Studio Version 17
VisualStudioVersion = 17.5.33209.295
MinimumVisualStudioVersion = 10.0.40219.1
Project("{9A19103F-16F7-4668-BE54-9A1E7A4F7556}") = "PoundPupLegacy.Convert", "PoundPupLegacy.Convert\PoundPupLegacy.Convert.csproj", "{58E3BDD4-8834-4FB3-9567-A79C94E65595}"
EndProject
Project("{9A19103F-16F7-4668-BE54-9A1E7A4F7556}") = "PoundPupLegacy.CreateModel", "PoundPupLegacy.CreateModel\PoundPupLegacy.CreateModel.csproj", "{8BF99659-4957-47AA-A09B-618595B22362}"
EndProject
Project("{9A19103F-16F7-4668-BE54-9A1E7A4F7556}") = "PoundPupLegacy.ViewModel", "PoundPupLegacy.ViewModel\PoundPupLegacy.ViewModel.csproj", "{01985ABD-AE87-414F-B477-ABEE65306D10}"
EndProject
Project("{9A19103F-16F7-4668-BE54-9A1E7A4F7556}") = "PoundPupLegacy.CreateModel.Test", "PoundPupLegacy.CreateModel.Test\PoundPupLegacy.CreateModel.Test.csproj", "{0EABBB7B-E7F3-4C36-8951-4D206F9EF8C2}"
EndProject
Project("{9A19103F-16F7-4668-BE54-9A1E7A4F7556}") = "PoundPupLegacy", "PoundPupLegacy\PoundPupLegacy.csproj", "{9D20839E-3087-4B82-99D5-652491A95FA8}"
EndProject
Project("{9A19103F-16F7-4668-BE54-9A1E7A4F7556}") = "PoundPupLegacy.Test", "PoundPupLegacy.Test\PoundPupLegacy.Test.csproj", "{9FF6F2E0-8779-4828-8EAF-6DF196CCB323}"
EndProject
Project("{9A19103F-16F7-4668-BE54-9A1E7A4F7556}") = "PoundPupLegacy.EditModel", "PoundPupLegacy.EditModel\PoundPupLegacy.EditModel.csproj", "{C1038565-4372-433A-B003-F26CF23576B0}"
EndProject
Project("{9A19103F-16F7-4668-BE54-9A1E7A4F7556}") = "PoundPupLegacy.Common", "PoundPupLegacy.Common\PoundPupLegacy.Common.csproj", "{AE4B21A2-14E6-4D9B-8C06-070DC229E3F2}"
EndProject
Project("{9A19103F-16F7-4668-BE54-9A1E7A4F7556}") = "PoundPupLegacy.ViewModel.Test", "PoundPupLegacy.ViewModel.Test\PoundPupLegacy.ViewModel.Test.csproj", "{7BFAB08D-B515-4C65-8373-F7DCE3C0295C}"
EndProject
Project("{9A19103F-16F7-4668-BE54-9A1E7A4F7556}") = "PoundPupLegacy.EditModel.Test", "PoundPupLegacy.EditModel.Test\PoundPupLegacy.EditModel.Test.csproj", "{C78CDC8B-DE81-4F98-8293-F76A717876E3}"
EndProject
Project("{9A19103F-16F7-4668-BE54-9A1E7A4F7556}") = "PoundPupLegacy.Common.Test", "PoundPupLegacy.Common.Test\PoundPupLegacy.Common.Test.csproj", "{8AE59774-E07C-4BEE-8313-350DB4D67C65}"
EndProject
Project("{9A19103F-16F7-4668-BE54-9A1E7A4F7556}") = "PoundPupLegacy.Generators", "PoundPupLegacy.Generators\PoundPupLegacy.Generators.csproj", "{D3B99504-DCAB-40CF-A51C-2D88EAE9DAEB}"
EndProject
Global
	GlobalSection(SolutionConfigurationPlatforms) = preSolution
		Debug|Any CPU = Debug|Any CPU
		Release|Any CPU = Release|Any CPU
	EndGlobalSection
	GlobalSection(ProjectConfigurationPlatforms) = postSolution
		{58E3BDD4-8834-4FB3-9567-A79C94E65595}.Debug|Any CPU.ActiveCfg = Debug|Any CPU
		{58E3BDD4-8834-4FB3-9567-A79C94E65595}.Debug|Any CPU.Build.0 = Debug|Any CPU
		{58E3BDD4-8834-4FB3-9567-A79C94E65595}.Release|Any CPU.ActiveCfg = Release|Any CPU
		{58E3BDD4-8834-4FB3-9567-A79C94E65595}.Release|Any CPU.Build.0 = Release|Any CPU
		{8BF99659-4957-47AA-A09B-618595B22362}.Debug|Any CPU.ActiveCfg = Debug|Any CPU
		{8BF99659-4957-47AA-A09B-618595B22362}.Debug|Any CPU.Build.0 = Debug|Any CPU
		{8BF99659-4957-47AA-A09B-618595B22362}.Release|Any CPU.ActiveCfg = Release|Any CPU
		{8BF99659-4957-47AA-A09B-618595B22362}.Release|Any CPU.Build.0 = Release|Any CPU
		{01985ABD-AE87-414F-B477-ABEE65306D10}.Debug|Any CPU.ActiveCfg = Debug|Any CPU
		{01985ABD-AE87-414F-B477-ABEE65306D10}.Debug|Any CPU.Build.0 = Debug|Any CPU
		{01985ABD-AE87-414F-B477-ABEE65306D10}.Release|Any CPU.ActiveCfg = Release|Any CPU
		{01985ABD-AE87-414F-B477-ABEE65306D10}.Release|Any CPU.Build.0 = Release|Any CPU
		{0EABBB7B-E7F3-4C36-8951-4D206F9EF8C2}.Debug|Any CPU.ActiveCfg = Debug|Any CPU
		{0EABBB7B-E7F3-4C36-8951-4D206F9EF8C2}.Debug|Any CPU.Build.0 = Debug|Any CPU
		{0EABBB7B-E7F3-4C36-8951-4D206F9EF8C2}.Release|Any CPU.ActiveCfg = Release|Any CPU
		{0EABBB7B-E7F3-4C36-8951-4D206F9EF8C2}.Release|Any CPU.Build.0 = Release|Any CPU
		{9D20839E-3087-4B82-99D5-652491A95FA8}.Debug|Any CPU.ActiveCfg = Debug|Any CPU
		{9D20839E-3087-4B82-99D5-652491A95FA8}.Debug|Any CPU.Build.0 = Debug|Any CPU
		{9D20839E-3087-4B82-99D5-652491A95FA8}.Release|Any CPU.ActiveCfg = Release|Any CPU
		{9D20839E-3087-4B82-99D5-652491A95FA8}.Release|Any CPU.Build.0 = Release|Any CPU
		{9FF6F2E0-8779-4828-8EAF-6DF196CCB323}.Debug|Any CPU.ActiveCfg = Debug|Any CPU
		{9FF6F2E0-8779-4828-8EAF-6DF196CCB323}.Debug|Any CPU.Build.0 = Debug|Any CPU
		{9FF6F2E0-8779-4828-8EAF-6DF196CCB323}.Release|Any CPU.ActiveCfg = Release|Any CPU
		{9FF6F2E0-8779-4828-8EAF-6DF196CCB323}.Release|Any CPU.Build.0 = Release|Any CPU
		{C1038565-4372-433A-B003-F26CF23576B0}.Debug|Any CPU.ActiveCfg = Debug|Any CPU
		{C1038565-4372-433A-B003-F26CF23576B0}.Debug|Any CPU.Build.0 = Debug|Any CPU
		{C1038565-4372-433A-B003-F26CF23576B0}.Release|Any CPU.ActiveCfg = Release|Any CPU
		{C1038565-4372-433A-B003-F26CF23576B0}.Release|Any CPU.Build.0 = Release|Any CPU
		{AE4B21A2-14E6-4D9B-8C06-070DC229E3F2}.Debug|Any CPU.ActiveCfg = Debug|Any CPU
		{AE4B21A2-14E6-4D9B-8C06-070DC229E3F2}.Debug|Any CPU.Build.0 = Debug|Any CPU
		{AE4B21A2-14E6-4D9B-8C06-070DC229E3F2}.Release|Any CPU.ActiveCfg = Release|Any CPU
		{AE4B21A2-14E6-4D9B-8C06-070DC229E3F2}.Release|Any CPU.Build.0 = Release|Any CPU
		{7BFAB08D-B515-4C65-8373-F7DCE3C0295C}.Debug|Any CPU.ActiveCfg = Debug|Any CPU
		{7BFAB08D-B515-4C65-8373-F7DCE3C0295C}.Debug|Any CPU.Build.0 = Debug|Any CPU
		{7BFAB08D-B515-4C65-8373-F7DCE3C0295C}.Release|Any CPU.ActiveCfg = Release|Any CPU
		{7BFAB08D-B515-4C65-8373-F7DCE3C0295C}.Release|Any CPU.Build.0 = Release|Any CPU
		{C78CDC8B-DE81-4F98-8293-F76A717876E3}.Debug|Any CPU.ActiveCfg = Debug|Any CPU
		{C78CDC8B-DE81-4F98-8293-F76A717876E3}.Debug|Any CPU.Build.0 = Debug|Any CPU
		{C78CDC8B-DE81-4F98-8293-F76A717876E3}.Release|Any CPU.ActiveCfg = Release|Any CPU
		{C78CDC8B-DE81-4F98-8293-F76A717876E3}.Release|Any CPU.Build.0 = Release|Any CPU
		{8AE59774-E07C-4BEE-8313-350DB4D67C65}.Debug|Any CPU.ActiveCfg = Debug|Any CPU
		{8AE59774-E07C-4BEE-8313-350DB4D67C65}.Debug|Any CPU.Build.0 = Debug|Any CPU
		{8AE59774-E07C-4BEE-8313-350DB4D67C65}.Release|Any CPU.ActiveCfg = Release|Any CPU
		{8AE59774-E07C-4BEE-8313-350DB4D67C65}.Release|Any CPU.Build.0 = Release|Any CPU
		{D3B99504-DCAB-40CF-A51C-2D88EAE9DAEB}.Debug|Any CPU.ActiveCfg = Debug|Any CPU
		{D3B99504-DCAB-40CF-A51C-2D88EAE9DAEB}.Debug|Any CPU.Build.0 = Debug|Any CPU
		{D3B99504-DCAB-40CF-A51C-2D88EAE9DAEB}.Release|Any CPU.ActiveCfg = Release|Any CPU
		{D3B99504-DCAB-40CF-A51C-2D88EAE9DAEB}.Release|Any CPU.Build.0 = Release|Any CPU
	EndGlobalSection
	GlobalSection(SolutionProperties) = preSolution
		HideSolutionNode = FALSE
	EndGlobalSection
	GlobalSection(ExtensibilityGlobals) = postSolution
		SolutionGuid = {D69414B5-8290-4DE4-9767-611CF1987777}
	EndGlobalSection
EndGlobal
